# This file is autogenerated, do not edit; changes may be undone by the next 'dep ensure'.


[[projects]]
  name = "github.com/PuerkitoBio/goquery"
  packages = ["."]
  revision = "a86ea073017a6beddef78c8659e7224e8ca634b0"
  version = "v1.4.0"

[[projects]]
  name = "github.com/andybalholm/cascadia"
  packages = ["."]
  revision = "901648c87902174f774fac311d7f176f8647bdaa"
  version = "v1.0.0"

[[projects]]
  name = "github.com/sirupsen/logrus"
  packages = ["."]
  revision = "c155da19408a8799da419ed3eeb0cb5db0ad5dbc"
  version = "v1.0.5"

[[projects]]
  branch = "master"
  name = "golang.org/x/crypto"
  packages = ["ssh/terminal"]
  revision = "b47b1587369238182299fe4dad77d05b8b461e06"

[[projects]]
  branch = "master"
  name = "golang.org/x/net"
  packages = [
    "html",
    "html/atom"
  ]
  revision = "1e491301e022f8f977054da4c2d852decd59571f"

[[projects]]
  branch = "master"
  name = "golang.org/x/sys"
  packages = [
    "unix",
    "windows"
  ]
  revision = "9527bec2660bd847c050fda93a0f0c6dee0800bb"

[solve-meta]
  analyzer-name = "dep"
  analyzer-version = 1
  inputs-digest = "2e34c222966eca8f32981f6c3467829a7119f5db8186d688a15e6d86de755fdc"
  solver-name = "gps-cdcl"
  solver-version = 1
